
Microsoft Visual Studio Solution File, Format Version 12.00
# Visual Studio Version 17
VisualStudioVersion = 17.6.33829.357
MinimumVisualStudioVersion = 10.0.40219.1
Project("{FAE04EC0-301F-11D3-BF4B-00C04F79EFBC}") = "DesserializacaoJson", "DesserializacaoJson\DesserializacaoJson.csproj", "{9285C9D1-1E83-4D3D-8421-4FEEFCFA5315}"
EndProject
Global
	GlobalSection(SolutionConfigurationPlatforms) = preSolution
		Debug|Any CPU = Debug|Any CPU
		Release|Any CPU = Release|Any CPU
	EndGlobalSection
	GlobalSection(ProjectConfigurationPlatforms) = postSolution
		{9285C9D1-1E83-4D3D-8421-4FEEFCFA5315}.Debug|Any CPU.ActiveCfg = Debug|Any CPU
		{9285C9D1-1E83-4D3D-8421-4FEEFCFA5315}.Debug|Any CPU.Build.0 = Debug|Any CPU
		{9285C9D1-1E83-4D3D-8421-4FEEFCFA5315}.Release|Any CPU.ActiveCfg = Release|Any CPU
		{9285C9D1-1E83-4D3D-8421-4FEEFCFA5315}.Release|Any CPU.Build.0 = Release|Any CPU
	EndGlobalSection
	GlobalSection(SolutionProperties) = preSolution
		HideSolutionNode = FALSE
	EndGlobalSection
	GlobalSection(ExtensibilityGlobals) = postSolution
		SolutionGuid = {6887D856-89C1-4515-B4AF-FF22DEF0C6C1}
	EndGlobalSection
EndGlobal
